
Microsoft Visual Studio Solution File, Format Version 9.00
# Visual Studio 2005
Project("{8BC9CEB8-8B4A-11D0-8D11-00A0C91BC942}") = "CLR", "CLR.vcproj", "{0CB5F228-53F6-400E-B73F-66239397CCCF}"
EndProject
Global
	GlobalSection(SolutionConfigurationPlatforms) = preSolution
		Debug|Win32 = Debug|Win32
		Release|Win32 = Release|Win32
	EndGlobalSection
	GlobalSection(ProjectConfigurationPlatforms) = postSolution
		{0CB5F228-53F6-400E-B73F-66239397CCCF}.Debug|Win32.ActiveCfg = Debug|Win32
		{0CB5F228-53F6-400E-B73F-66239397CCCF}.Debug|Win32.Build.0 = Debug|Win32
		{0CB5F228-53F6-400E-B73F-66239397CCCF}.Release|Win32.ActiveCfg = Release|Win32
		{0CB5F228-53F6-400E-B73F-66239397CCCF}.Release|Win32.Build.0 = Release|Win32
	EndGlobalSection
	GlobalSection(SolutionProperties) = preSolution
		HideSolutionNode = FALSE
	EndGlobalSection
EndGlobal
